// !$*UTF8*$!
{
	archiveVersion = 1;
	classes = {
	};
	objectVersion = 50;
	objects = {

/* Begin PBXBuildFile section */
		8617B36920B4F25A000F3782 /* AppDelegate.m in Sources */ = {isa = PBXBuildFile; fileRef = 8617B36820B4F25A000F3782 /* AppDelegate.m */; };
		8617B36C20B4F25A000F3782 /* ViewController.m in Sources */ = {isa = PBXBuildFile; fileRef = 8617B36B20B4F25A000F3782 /* ViewController.m */; };
		8617B36F20B4F25A000F3782 /* Main.storyboard in Resources */ = {isa = PBXBuildFile; fileRef = 8617B36D20B4F25A000F3782 /* Main.storyboard */; };
		8617B37120B4F25B000F3782 /* Assets.xcassets in Resources */ = {isa = PBXBuildFile; fileRef = 8617B37020B4F25B000F3782 /* Assets.xcassets */; };
		8617B37420B4F25B000F3782 /* main.m in Sources */ = {isa = PBXBuildFile; fileRef = 8617B37320B4F25B000F3782 /* main.m */; };
		8617B37C20B4F603000F3782 /* GTKTVSliderProgressView.m in Sources */ = {isa = PBXBuildFile; fileRef = 8617B37B20B4F603000F3782 /* GTKTVSliderProgressView.m */; };
/* End PBXBuildFile section */

/* Begin PBXFileReference section */
		8617B36420B4F25A000F3782 /* tvOSSlider.app */ = {isa = PBXFileReference; explicitFileType = wrapper.application; includeInIndex = 0; path = tvOSSlider.app; sourceTree = BUILT_PRODUCTS_DIR; };
		8617B36720B4F25A000F3782 /* AppDelegate.h */ = {isa = PBXFileReference; lastKnownFileType = sourcecode.c.h; path = AppDelegate.h; sourceTree = "<group>"; };
		8617B36820B4F25A000F3782 /* AppDelegate.m */ = {isa = PBXFileReference; lastKnownFileType = sourcecode.c.objc; path = AppDelegate.m; sourceTree = "<group>"; };
		8617B36A20B4F25A000F3782 /* ViewController.h */ = {isa = PBXFileReference; lastKnownFileType = sourcecode.c.h; path = ViewController.h; sourceTree = "<group>"; };
		8617B36B20B4F25A000F3782 /* ViewController.m */ = {isa = PBXFileReference; lastKnownFileType = sourcecode.c.objc; path = ViewController.m; sourceTree = "<group>"; };
		8617B36E20B4F25A000F3782 /* Base */ = {isa = PBXFileReference; lastKnownFileType = file.storyboard; name = Base; path = Base.lproj/Main.storyboard; sourceTree = "<group>"; };
		8617B37020B4F25B000F3782 /* Assets.xcassets */ = {isa = PBXFileReference; lastKnownFileType = folder.assetcatalog; path = Assets.xcassets; sourceTree = "<group>"; };
		8617B37220B4F25B000F3782 /* Info.plist */ = {isa = PBXFileReference; lastKnownFileType = text.plist.xml; path = Info.plist; sourceTree = "<group>"; };
		8617B37320B4F25B000F3782 /* main.m */ = {isa = PBXFileReference; lastKnownFileType = sourcecode.c.objc; path = main.m; sourceTree = "<group>"; };
		8617B37A20B4F603000F3782 /* GTKTVSliderProgressView.h */ = {isa = PBXFileReference; lastKnownFileType = sourcecode.c.h; path = GTKTVSliderProgressView.h; sourceTree = "<group>"; };
		8617B37B20B4F603000F3782 /* GTKTVSliderProgressView.m */ = {isa = PBXFileReference; lastKnownFileType = sourcecode.c.objc; path = GTKTVSliderProgressView.m; sourceTree = "<group>"; };
/* End PBXFileReference section */

/* Begin PBXFrameworksBuildPhase section */
		8617B36120B4F25A000F3782 /* Frameworks */ = {
			isa = PBXFrameworksBuildPhase;
			buildActionMask = 2147483647;
			files = (
			);
			runOnlyForDeploymentPostprocessing = 0;
		};
/* End PBXFrameworksBuildPhase section */

/* Begin PBXGroup section */
		8617B35B20B4F25A000F3782 = {
			isa = PBXGroup;
			children = (
				8617B36620B4F25A000F3782 /* tvOSSlider */,
				8617B36520B4F25A000F3782 /* Products */,
			);
			sourceTree = "<group>";
		};
		8617B36520B4F25A000F3782 /* Products */ = {
			isa = PBXGroup;
			children = (
				8617B36420B4F25A000F3782 /* tvOSSlider.app */,
			);
			name = Products;
			sourceTree = "<group>";
		};
		8617B36620B4F25A000F3782 /* tvOSSlider */ = {
			isa = PBXGroup;
			children = (
				8617B36720B4F25A000F3782 /* AppDelegate.h */,
				8617B36820B4F25A000F3782 /* AppDelegate.m */,
				8617B36A20B4F25A000F3782 /* ViewController.h */,
				8617B36B20B4F25A000F3782 /* ViewController.m */,
				8617B37A20B4F603000F3782 /* GTKTVSliderProgressView.h */,
				8617B37B20B4F603000F3782 /* GTKTVSliderProgressView.m */,
				8617B36D20B4F25A000F3782 /* Main.storyboard */,
				8617B37020B4F25B000F3782 /* Assets.xcassets */,
				8617B37220B4F25B000F3782 /* Info.plist */,
				8617B37320B4F25B000F3782 /* main.m */,
			);
			path = tvOSSlider;
			sourceTree = "<group>";
		};
/* End PBXGroup section */

/* Begin PBXNativeTarget section */
		8617B36320B4F25A000F3782 /* tvOSSlider */ = {
			isa = PBXNativeTarget;
			buildConfigurationList = 8617B37720B4F25B000F3782 /* Build configuration list for PBXNativeTarget "tvOSSlider" */;
			buildPhases = (
				8617B36020B4F25A000F3782 /* Sources */,
				8617B36120B4F25A000F3782 /* Frameworks */,
				8617B36220B4F25A000F3782 /* Resources */,
			);
			buildRules = (
			);
			dependencies = (
			);
			name = tvOSSlider;
			productName = tvOSSlider;
			productReference = 8617B36420B4F25A000F3782 /* tvOSSlider.app */;
			productType = "com.apple.product-type.application";
		};
/* End PBXNativeTarget section */

/* Begin PBXProject section */
		8617B35C20B4F25A000F3782 /* Project object */ = {
			isa = PBXProject;
			attributes = {
				LastUpgradeCheck = 0930;
				ORGANIZATIONNAME = geniatech;
				TargetAttributes = {
					8617B36320B4F25A000F3782 = {
						CreatedOnToolsVersion = 9.3;
					};
				};
			};
			buildConfigurationList = 8617B35F20B4F25A000F3782 /* Build configuration list for PBXProject "tvOSSlider" */;
			compatibilityVersion = "Xcode 9.3";
			developmentRegion = en;
			hasScannedForEncodings = 0;
			knownRegions = (
				en,
				Base,
			);
			mainGroup = 8617B35B20B4F25A000F3782;
			productRefGroup = 8617B36520B4F25A000F3782 /* Products */;
			projectDirPath = "";
			projectRoot = "";
			targets = (
				8617B36320B4F25A000F3782 /* tvOSSlider */,
			);
		};
/* End PBXProject section */

/* Begin PBXResourcesBuildPhase section */
		8617B36220B4F25A000F3782 /* Resources */ = {
			isa = PBXResourcesBuildPhase;
			buildActionMask = 2147483647;
			files = (
				8617B37120B4F25B000F3782 /* Assets.xcassets in Resources */,
				8617B36F20B4F25A000F3782 /* Main.storyboard in Resources */,
			);
			runOnlyForDeploymentPostprocessing = 0;
		};
/* End PBXResourcesBuildPhase section */

/* Begin PBXSourcesBuildPhase section */
		8617B36020B4F25A000F3782 /* Sources */ = {
			isa = PBXSourcesBuildPhase;
			buildActionMask = 2147483647;
			files = (
				8617B36C20B4F25A000F3782 /* ViewController.m in Sources */,
				8617B37420B4F25B000F3782 /* main.m in Sources */,
				8617B36920B4F25A000F3782 /* AppDelegate.m in Sources */,
				8617B37C20B4F603000F3782 /* GTKTVSliderProgressView.m in Sources */,
			);
			runOnlyForDeploymentPostprocessing = 0;
		};
/* End PBXSourcesBuildPhase section */

/* Begin PBXVariantGroup section */
		8617B36D20B4F25A000F3782 /* Main.storyboard */ = {
			isa = PBXVariantGroup;
			children = (
				8617B36E20B4F25A000F3782 /* Base */,
			);
			name = Main.storyboard;
			sourceTree = "<group>";
		};
/* End PBXVariantGroup section */

/* Begin XCBuildConfiguration section */
		8617B37520B4F25B000F3782 /* Debug */ = {
			isa = XCBuildConfiguration;
			buildSettings = {
				ALWAYS_SEARCH_USER_PATHS = NO;
				CLANG_ANALYZER_NONNULL = YES;
				CLANG_ANALYZER_NUMBER_OBJECT_CONVERSION = YES_AGGRESSIVE;
				CLANG_CXX_LANGUAGE_STANDARD = "gnu++14";
				CLANG_CXX_LIBRARY = "libc++";
				CLANG_ENABLE_MODULES = YES;
				CLANG_ENABLE_OBJC_ARC = YES;
				CLANG_ENABLE_OBJC_WEAK = YES;
				CLANG_WARN_BLOCK_CAPTURE_AUTORELEASING = YES;
				CLANG_WARN_BOOL_CONVERSION = YES;
				CLANG_WARN_COMMA = YES;
				CLANG_WARN_CONSTANT_CONVERSION = YES;
				CLANG_WARN_DEPRECATED_OBJC_IMPLEMENTATIONS = YES;
				CLANG_WARN_DIRECT_OBJC_ISA_USAGE = YES_ERROR;
				CLANG_WARN_DOCUMENTATION_COMMENTS = YES;
				CLANG_WARN_EMPTY_BODY = YES;
				CLANG_WARN_ENUM_CONVERSION = YES;
				CLANG_WARN_INFINITE_RECURSION = YES;
				CLANG_WARN_INT_CONVERSION = YES;
				CLANG_WARN_NON_LITERAL_NULL_CONVERSION = YES;
				CLANG_WARN_OBJC_IMPLICIT_RETAIN_SELF = YES;
				CLANG_WARN_OBJC_LITERAL_CONVERSION = YES;
				CLANG_WARN_OBJC_ROOT_CLASS = YES_ERROR;
				CLANG_WARN_RANGE_LOOP_ANALYSIS = YES;
				CLANG_WARN_STRICT_PROTOTYPES = YES;
				CLANG_WARN_SUSPICIOUS_MOVE = YES;
				CLANG_WARN_UNGUARDED_AVAILABILITY = YES_AGGRESSIVE;
				CLANG_WARN_UNREACHABLE_CODE = YES;
				CLANG_WARN__DUPLICATE_METHOD_MATCH = YES;
				COPY_PHASE_STRIP = NO;
				DEBUG_INFORMATION_FORMAT = dwarf;
				ENABLE_STRICT_OBJC_MSGSEND = YES;
				ENABLE_TESTABILITY = YES;
				GCC_C_LANGUAGE_STANDARD = gnu11;
				GCC_DYNAMIC_NO_PIC = NO;
				GCC_NO_COMMON_BLOCKS = YES;
				GCC_OPTIMIZATION_LEVEL = 0;
				GCC_PREPROCESSOR_DEFINITIONS = (
					"DEBUG=1",
					"$(inherited)",
				);
				GCC_WARN_64_TO_32_BIT_CONVERSION = YES;
				GCC_WARN_ABOUT_RETURN_TYPE = YES_ERROR;
				GCC_WARN_UNDECLARED_SELECTOR = YES;
				GCC_WARN_UNINITIALIZED_AUTOS = YES_AGGRESSIVE;
				GCC_WARN_UNUSED_FUNCTION = YES;
				GCC_WARN_UNUSED_VARIABLE = YES;
				MTL_ENABLE_DEBUG_INFO = YES;
				ONLY_ACTIVE_ARCH = YES;
				SDKROOT = appletvos;
				TVOS_DEPLOYMENT_TARGET = 11.3;
			};
			name = Debug;
		};
		8617B37620B4F25B000F3782 /* Release */ = {
			isa = XCBuildConfiguration;
			buildSettings = {
				ALWAYS_SEARCH_USER_PATHS = NO;
				CLANG_ANALYZER_NONNULL = YES;
				CLANG_ANALYZER_NUMBER_OBJECT_CONVERSION = YES_AGGRESSIVE;
				CLANG_CXX_LANGUAGE_STANDARD = "gnu++14";
				CLANG_CXX_LIBRARY = "libc++";
				CLANG_ENABLE_MODULES = YES;
				CLANG_ENABLE_OBJC_ARC = YES;
				CLANG_ENABLE_OBJC_WEAK = YES;
				CLANG_WARN_BLOCK_CAPTURE_AUTORELEASING = YES;
				CLANG_WARN_BOOL_CONVERSION = YES;
				CLANG_WARN_COMMA = YES;
				CLANG_WARN_CONSTANT_CONVERSION = YES;
				CLANG_WARN_DEPRECATED_OBJC_IMPLEMENTATIONS = YES;
				CLANG_WARN_DIRECT_OBJC_ISA_USAGE = YES_ERROR;
				CLANG_WARN_DOCUMENTATION_COMMENTS = YES;
				CLANG_WARN_EMPTY_BODY = YES;
				CLANG_WARN_ENUM_CONVERSION = YES;
				CLANG_WARN_INFINITE_RECURSION = YES;
				CLANG_WARN_INT_CONVERSION = YES;
				CLANG_WARN_NON_LITERAL_NULL_CONVERSION = YES;
				CLANG_WARN_OBJC_IMPLICIT_RETAIN_SELF = YES;
				CLANG_WARN_OBJC_LITERAL_CONVERSION = YES;
				CLANG_WARN_OBJC_ROOT_CLASS = YES_ERROR;
				CLANG_WARN_RANGE_LOOP_ANALYSIS = YES;
				CLANG_WARN_STRICT_PROTOTYPES = YES;
				CLANG_WARN_SUSPICIOUS_MOVE = YES;
				CLANG_WARN_UNGUARDED_AVAILABILITY = YES_AGGRESSIVE;
				CLANG_WARN_UNREACHABLE_CODE = YES;
				CLANG_WARN__DUPLICATE_METHOD_MATCH = YES;
				COPY_PHASE_STRIP = NO;
				DEBUG_INFORMATION_FORMAT = "dwarf-with-dsym";
				ENABLE_NS_ASSERTIONS = NO;
				ENABLE_STRICT_OBJC_MSGSEND = YES;
				GCC_C_LANGUAGE_STANDARD = gnu11;
				GCC_NO_COMMON_BLOCKS = YES;
				GCC_WARN_64_TO_32_BIT_CONVERSION = YES;
				GCC_WARN_ABOUT_RETURN_TYPE = YES_ERROR;
				GCC_WARN_UNDECLARED_SELECTOR = YES;
				GCC_WARN_UNINITIALIZED_AUTOS = YES_AGGRESSIVE;
				GCC_WARN_UNUSED_FUNCTION = YES;
				GCC_WARN_UNUSED_VARIABLE = YES;
				MTL_ENABLE_DEBUG_INFO = NO;
				SDKROOT = appletvos;
				TVOS_DEPLOYMENT_TARGET = 11.3;
				VALIDATE_PRODUCT = YES;
			};
			name = Release;
		};
		8617B37820B4F25B000F3782 /* Debug */ = {
			isa = XCBuildConfiguration;
			buildSettings = {
				ASSETCATALOG_COMPILER_APPICON_NAME = "App Icon & Top Shelf Image";
				ASSETCATALOG_COMPILER_LAUNCHIMAGE_NAME = LaunchImage;
				CODE_SIGN_STYLE = Automatic;
				DEVELOPMENT_TEAM = W9NK3V6JM4;
				INFOPLIST_FILE = tvOSSlider/Info.plist;
				LD_RUNPATH_SEARCH_PATHS = (
					"$(inherited)",
					"@executable_path/Frameworks",
				);
				PRODUCT_BUNDLE_IDENTIFIER = com.geniatechremoteIME.tvOSSlider;
				PRODUCT_NAME = "$(TARGET_NAME)";
				TARGETED_DEVICE_FAMILY = 3;
			};
			name = Debug;
		};
		8617B37920B4F25B000F3782 /* Release */ = {
			isa = XCBuildConfiguration;
			buildSettings = {
				ASSETCATALOG_COMPILER_APPICON_NAME = "App Icon & Top Shelf Image";
				ASSETCATALOG_COMPILER_LAUNCHIMAGE_NAME = LaunchImage;
				CODE_SIGN_STYLE = Automatic;
				DEVELOPMENT_TEAM = W9NK3V6JM4;
				INFOPLIST_FILE = tvOSSlider/Info.plist;
				LD_RUNPATH_SEARCH_PATHS = (
					"$(inherited)",
					"@executable_path/Frameworks",
				);
				PRODUCT_BUNDLE_IDENTIFIER = com.geniatechremoteIME.tvOSSlider;
				PRODUCT_NAME = "$(TARGET_NAME)";
				TARGETED_DEVICE_FAMILY = 3;
			};
			name = Release;
		};
/* End XCBuildConfiguration section */

/* Begin XCConfigurationList section */
		8617B35F20B4F25A000F3782 /* Build configuration list for PBXProject "tvOSSlider" */ = {
			isa = XCConfigurationList;
			buildConfigurations = (
				8617B37520B4F25B000F3782 /* Debug */,
				8617B37620B4F25B000F3782 /* Release */,
			);
			defaultConfigurationIsVisible = 0;
			defaultConfigurationName = Release;
		};
		8617B37720B4F25B000F3782 /* Build configuration list for PBXNativeTarget "tvOSSlider" */ = {
			isa = XCConfigurationList;
			buildConfigurations = (
				8617B37820B4F25B000F3782 /* Debug */,
				8617B37920B4F25B000F3782 /* Release */,
			);
			defaultConfigurationIsVisible = 0;
			defaultConfigurationName = Release;
		};
/* End XCConfigurationList section */
	};
	rootObject = 8617B35C20B4F25A000F3782 /* Project object */;
}
